
Microsoft Visual Studio Solution File, Format Version 12.00
# Visual Studio Version 17
VisualStudioVersion = 17.10.35122.118
MinimumVisualStudioVersion = 10.0.40219.1
Project("{FAE04EC0-301F-11D3-BF4B-00C04F79EFBC}") = "MathQuiz", "MathQuiz.csproj", "{AC0C9ADD-D99A-47B9-A5DE-DCC50B2E89C0}"
EndProject
Global
	GlobalSection(SolutionConfigurationPlatforms) = preSolution
		Debug|Any CPU = Debug|Any CPU
		Release|Any CPU = Release|Any CPU
	EndGlobalSection
	GlobalSection(ProjectConfigurationPlatforms) = postSolution
		{AC0C9ADD-D99A-47B9-A5DE-DCC50B2E89C0}.Debug|Any CPU.ActiveCfg = Debug|Any CPU
		{AC0C9ADD-D99A-47B9-A5DE-DCC50B2E89C0}.Debug|Any CPU.Build.0 = Debug|Any CPU
		{AC0C9ADD-D99A-47B9-A5DE-DCC50B2E89C0}.Release|Any CPU.ActiveCfg = Release|Any CPU
		{AC0C9ADD-D99A-47B9-A5DE-DCC50B2E89C0}.Release|Any CPU.Build.0 = Release|Any CPU
	EndGlobalSection
	GlobalSection(SolutionProperties) = preSolution
		HideSolutionNode = FALSE
	EndGlobalSection
	GlobalSection(ExtensibilityGlobals) = postSolution
		SolutionGuid = {80D6BD08-0ABE-469C-A1EF-CB8BCD4338FC}
	EndGlobalSection
EndGlobal
